
Microsoft Visual Studio Solution File, Format Version 12.00
# Visual Studio Version 17
VisualStudioVersion = 17.11.35312.102
MinimumVisualStudioVersion = 10.0.40219.1
Project("{9A19103F-16F7-4668-BE54-9A1E7A4F7556}") = "ActivityWinOff", "ActivityWinOff\ActivityWinOff.csproj", "{8E8B9C95-6738-43B8-9EDF-88AB73D41122}"
EndProject
Project("{54435603-DBB4-11D2-8724-00A0C9A8B90C}") = "Installer", "Installer\Installer.vdproj", "{62C6EC0F-5036-48A6-B49A-C6F015E2661B}"
EndProject
Global
	GlobalSection(SolutionConfigurationPlatforms) = preSolution
		Debug|Any CPU = Debug|Any CPU
		Release|Any CPU = Release|Any CPU
	EndGlobalSection
	GlobalSection(ProjectConfigurationPlatforms) = postSolution
		{8E8B9C95-6738-43B8-9EDF-88AB73D41122}.Debug|Any CPU.ActiveCfg = Debug|Any CPU
		{8E8B9C95-6738-43B8-9EDF-88AB73D41122}.Debug|Any CPU.Build.0 = Debug|Any CPU
		{8E8B9C95-6738-43B8-9EDF-88AB73D41122}.Release|Any CPU.ActiveCfg = Release|Any CPU
		{8E8B9C95-6738-43B8-9EDF-88AB73D41122}.Release|Any CPU.Build.0 = Release|Any CPU
		{62C6EC0F-5036-48A6-B49A-C6F015E2661B}.Debug|Any CPU.ActiveCfg = Debug
		{62C6EC0F-5036-48A6-B49A-C6F015E2661B}.Release|Any CPU.ActiveCfg = Release
	EndGlobalSection
	GlobalSection(SolutionProperties) = preSolution
		HideSolutionNode = FALSE
	EndGlobalSection
	GlobalSection(ExtensibilityGlobals) = postSolution
		SolutionGuid = {BEDE59B9-01CC-4F48-928B-31C3DE3EBCD7}
	EndGlobalSection
EndGlobal
